
Microsoft Visual Studio Solution File, Format Version 12.00
# Visual Studio Version 17
VisualStudioVersion = 17.0.32014.148
MinimumVisualStudioVersion = 10.0.40219.1
Project("{2150E333-8FDC-42A3-9474-1A3956D46DE8}") = "Services", "Services", "{FB38EF60-FD1A-4D55-A5A7-91CED0A9161E}"
EndProject
Project("{2150E333-8FDC-42A3-9474-1A3956D46DE8}") = "Catalog", "Catalog", "{6877C334-FC16-4516-94E3-701C7A8FAFD4}"
EndProject
Project("{9A19103F-16F7-4668-BE54-9A1E7A4F7556}") = "Catalog.API", "Services\Catalog\Catalog.API\Catalog.API.csproj", "{BA2B47D3-32DF-4E67-A9A5-D66D013FA273}"
EndProject
Project("{2150E333-8FDC-42A3-9474-1A3956D46DE8}") = "Basket", "Basket", "{A081A441-9C49-41C4-BE95-017B43796F3C}"
EndProject
Project("{9A19103F-16F7-4668-BE54-9A1E7A4F7556}") = "Basket.API", "Services\Basket\Basket.API\Basket.API.csproj", "{E66F2B44-0379-45A2-A6E7-19A3BADC2F05}"
EndProject
Project("{E53339B2-1760-4266-BCC7-CA923CBCF16C}") = "docker-compose", "docker-compose.dcproj", "{D45BB3A3-DBE5-4648-8375-0AD6DDE23781}"
EndProject
Project("{2150E333-8FDC-42A3-9474-1A3956D46DE8}") = "Discount", "Discount", "{18079800-51E7-4F84-9ABD-617FD6E61537}"
EndProject
Project("{9A19103F-16F7-4668-BE54-9A1E7A4F7556}") = "Discount.API", "Services\Discount\Discount.API\Discount.API.csproj", "{D4DCE23C-6B02-4967-907C-E0D875877307}"
EndProject
Project("{9A19103F-16F7-4668-BE54-9A1E7A4F7556}") = "Discount.Grpc", "Services\Discount\Discount.Grpc\Discount.Grpc.csproj", "{E261D80B-68CE-4C2B-8936-FC9FDAF3DE49}"
EndProject
Project("{2150E333-8FDC-42A3-9474-1A3956D46DE8}") = "Ordering", "Ordering", "{5D1ACA44-2AAF-4EC2-B433-5F4931B3AA9B}"
EndProject
Project("{9A19103F-16F7-4668-BE54-9A1E7A4F7556}") = "Ordering.API", "Services\Ordering\Ordering.API\Ordering.API.csproj", "{003667CD-3AE2-4984-BCDA-4BFA879C0424}"
EndProject
Project("{9A19103F-16F7-4668-BE54-9A1E7A4F7556}") = "Ordering.Domain", "Services\Ordering\Ordering.Domain\Ordering.Domain.csproj", "{69BDE31B-74BC-4337-B514-FAFC46062B35}"
EndProject
Project("{9A19103F-16F7-4668-BE54-9A1E7A4F7556}") = "Ordering.Infrastructure", "Services\Ordering\Ordering.Infrastructure\Ordering.Infrastructure.csproj", "{49E4B60A-2773-4BD0-BFC7-11476219C48D}"
EndProject
Project("{9A19103F-16F7-4668-BE54-9A1E7A4F7556}") = "Ordering.Application", "Services\Ordering\Ordering.Application\Ordering.Application.csproj", "{BB2F7AA3-AE92-4A3F-81A3-5F5317FA303C}"
EndProject
Project("{2150E333-8FDC-42A3-9474-1A3956D46DE8}") = "BuildingBlocks", "BuildingBlocks", "{513C1ECD-6AC7-45C8-8617-2D7AACBE22A3}"
EndProject
Project("{9A19103F-16F7-4668-BE54-9A1E7A4F7556}") = "EventBus.Messages", "BuildingBlocks\EventBus.Messages\EventBus.Messages.csproj", "{EACEF88D-44D5-485A-9DC2-6E3C53A43305}"
EndProject
Global
	GlobalSection(SolutionConfigurationPlatforms) = preSolution
		Debug|Any CPU = Debug|Any CPU
		Release|Any CPU = Release|Any CPU
	EndGlobalSection
	GlobalSection(ProjectConfigurationPlatforms) = postSolution
		{BA2B47D3-32DF-4E67-A9A5-D66D013FA273}.Debug|Any CPU.ActiveCfg = Debug|Any CPU
		{BA2B47D3-32DF-4E67-A9A5-D66D013FA273}.Debug|Any CPU.Build.0 = Debug|Any CPU
		{BA2B47D3-32DF-4E67-A9A5-D66D013FA273}.Release|Any CPU.ActiveCfg = Release|Any CPU
		{BA2B47D3-32DF-4E67-A9A5-D66D013FA273}.Release|Any CPU.Build.0 = Release|Any CPU
		{E66F2B44-0379-45A2-A6E7-19A3BADC2F05}.Debug|Any CPU.ActiveCfg = Debug|Any CPU
		{E66F2B44-0379-45A2-A6E7-19A3BADC2F05}.Debug|Any CPU.Build.0 = Debug|Any CPU
		{E66F2B44-0379-45A2-A6E7-19A3BADC2F05}.Release|Any CPU.ActiveCfg = Release|Any CPU
		{E66F2B44-0379-45A2-A6E7-19A3BADC2F05}.Release|Any CPU.Build.0 = Release|Any CPU
		{D45BB3A3-DBE5-4648-8375-0AD6DDE23781}.Debug|Any CPU.ActiveCfg = Debug|Any CPU
		{D45BB3A3-DBE5-4648-8375-0AD6DDE23781}.Debug|Any CPU.Build.0 = Debug|Any CPU
		{D45BB3A3-DBE5-4648-8375-0AD6DDE23781}.Release|Any CPU.ActiveCfg = Release|Any CPU
		{D45BB3A3-DBE5-4648-8375-0AD6DDE23781}.Release|Any CPU.Build.0 = Release|Any CPU
		{D4DCE23C-6B02-4967-907C-E0D875877307}.Debug|Any CPU.ActiveCfg = Debug|Any CPU
		{D4DCE23C-6B02-4967-907C-E0D875877307}.Debug|Any CPU.Build.0 = Debug|Any CPU
		{D4DCE23C-6B02-4967-907C-E0D875877307}.Release|Any CPU.ActiveCfg = Release|Any CPU
		{D4DCE23C-6B02-4967-907C-E0D875877307}.Release|Any CPU.Build.0 = Release|Any CPU
		{E261D80B-68CE-4C2B-8936-FC9FDAF3DE49}.Debug|Any CPU.ActiveCfg = Debug|Any CPU
		{E261D80B-68CE-4C2B-8936-FC9FDAF3DE49}.Debug|Any CPU.Build.0 = Debug|Any CPU
		{E261D80B-68CE-4C2B-8936-FC9FDAF3DE49}.Release|Any CPU.ActiveCfg = Release|Any CPU
		{E261D80B-68CE-4C2B-8936-FC9FDAF3DE49}.Release|Any CPU.Build.0 = Release|Any CPU
		{003667CD-3AE2-4984-BCDA-4BFA879C0424}.Debug|Any CPU.ActiveCfg = Debug|Any CPU
		{003667CD-3AE2-4984-BCDA-4BFA879C0424}.Debug|Any CPU.Build.0 = Debug|Any CPU
		{003667CD-3AE2-4984-BCDA-4BFA879C0424}.Release|Any CPU.ActiveCfg = Release|Any CPU
		{003667CD-3AE2-4984-BCDA-4BFA879C0424}.Release|Any CPU.Build.0 = Release|Any CPU
		{69BDE31B-74BC-4337-B514-FAFC46062B35}.Debug|Any CPU.ActiveCfg = Debug|Any CPU
		{69BDE31B-74BC-4337-B514-FAFC46062B35}.Debug|Any CPU.Build.0 = Debug|Any CPU
		{69BDE31B-74BC-4337-B514-FAFC46062B35}.Release|Any CPU.ActiveCfg = Release|Any CPU
		{69BDE31B-74BC-4337-B514-FAFC46062B35}.Release|Any CPU.Build.0 = Release|Any CPU
		{49E4B60A-2773-4BD0-BFC7-11476219C48D}.Debug|Any CPU.ActiveCfg = Debug|Any CPU
		{49E4B60A-2773-4BD0-BFC7-11476219C48D}.Debug|Any CPU.Build.0 = Debug|Any CPU
		{49E4B60A-2773-4BD0-BFC7-11476219C48D}.Release|Any CPU.ActiveCfg = Release|Any CPU
		{49E4B60A-2773-4BD0-BFC7-11476219C48D}.Release|Any CPU.Build.0 = Release|Any CPU
		{BB2F7AA3-AE92-4A3F-81A3-5F5317FA303C}.Debug|Any CPU.ActiveCfg = Debug|Any CPU
		{BB2F7AA3-AE92-4A3F-81A3-5F5317FA303C}.Debug|Any CPU.Build.0 = Debug|Any CPU
		{BB2F7AA3-AE92-4A3F-81A3-5F5317FA303C}.Release|Any CPU.ActiveCfg = Release|Any CPU
		{BB2F7AA3-AE92-4A3F-81A3-5F5317FA303C}.Release|Any CPU.Build.0 = Release|Any CPU
		{EACEF88D-44D5-485A-9DC2-6E3C53A43305}.Debug|Any CPU.ActiveCfg = Debug|Any CPU
		{EACEF88D-44D5-485A-9DC2-6E3C53A43305}.Debug|Any CPU.Build.0 = Debug|Any CPU
		{EACEF88D-44D5-485A-9DC2-6E3C53A43305}.Release|Any CPU.ActiveCfg = Release|Any CPU
		{EACEF88D-44D5-485A-9DC2-6E3C53A43305}.Release|Any CPU.Build.0 = Release|Any CPU
	EndGlobalSection
	GlobalSection(SolutionProperties) = preSolution
		HideSolutionNode = FALSE
	EndGlobalSection
	GlobalSection(NestedProjects) = preSolution
		{6877C334-FC16-4516-94E3-701C7A8FAFD4} = {FB38EF60-FD1A-4D55-A5A7-91CED0A9161E}
		{BA2B47D3-32DF-4E67-A9A5-D66D013FA273} = {6877C334-FC16-4516-94E3-701C7A8FAFD4}
		{A081A441-9C49-41C4-BE95-017B43796F3C} = {FB38EF60-FD1A-4D55-A5A7-91CED0A9161E}
		{E66F2B44-0379-45A2-A6E7-19A3BADC2F05} = {A081A441-9C49-41C4-BE95-017B43796F3C}
		{18079800-51E7-4F84-9ABD-617FD6E61537} = {FB38EF60-FD1A-4D55-A5A7-91CED0A9161E}
		{D4DCE23C-6B02-4967-907C-E0D875877307} = {18079800-51E7-4F84-9ABD-617FD6E61537}
		{E261D80B-68CE-4C2B-8936-FC9FDAF3DE49} = {18079800-51E7-4F84-9ABD-617FD6E61537}
		{5D1ACA44-2AAF-4EC2-B433-5F4931B3AA9B} = {FB38EF60-FD1A-4D55-A5A7-91CED0A9161E}
		{003667CD-3AE2-4984-BCDA-4BFA879C0424} = {5D1ACA44-2AAF-4EC2-B433-5F4931B3AA9B}
		{69BDE31B-74BC-4337-B514-FAFC46062B35} = {5D1ACA44-2AAF-4EC2-B433-5F4931B3AA9B}
		{49E4B60A-2773-4BD0-BFC7-11476219C48D} = {5D1ACA44-2AAF-4EC2-B433-5F4931B3AA9B}
		{BB2F7AA3-AE92-4A3F-81A3-5F5317FA303C} = {5D1ACA44-2AAF-4EC2-B433-5F4931B3AA9B}
		{EACEF88D-44D5-485A-9DC2-6E3C53A43305} = {513C1ECD-6AC7-45C8-8617-2D7AACBE22A3}
	EndGlobalSection
	GlobalSection(ExtensibilityGlobals) = postSolution
		SolutionGuid = {4CAB4CD6-17A7-4E39-9B84-6C0AC7D14077}
	EndGlobalSection
EndGlobal
